
Microsoft Visual Studio Solution File, Format Version 12.00
# Visual Studio Version 17
VisualStudioVersion = 17.7.34221.43
MinimumVisualStudioVersion = 10.0.40219.1
Project("{FAE04EC0-301F-11D3-BF4B-00C04F79EFBC}") = "whenWasIBorn", "whenWasIBorn\whenWasIBorn.csproj", "{0C675765-6737-4ED7-85FB-9D1E60E0C410}"
EndProject
Global
	GlobalSection(SolutionConfigurationPlatforms) = preSolution
		Debug|Any CPU = Debug|Any CPU
		Release|Any CPU = Release|Any CPU
	EndGlobalSection
	GlobalSection(ProjectConfigurationPlatforms) = postSolution
		{0C675765-6737-4ED7-85FB-9D1E60E0C410}.Debug|Any CPU.ActiveCfg = Debug|Any CPU
		{0C675765-6737-4ED7-85FB-9D1E60E0C410}.Debug|Any CPU.Build.0 = Debug|Any CPU
		{0C675765-6737-4ED7-85FB-9D1E60E0C410}.Release|Any CPU.ActiveCfg = Release|Any CPU
		{0C675765-6737-4ED7-85FB-9D1E60E0C410}.Release|Any CPU.Build.0 = Release|Any CPU
	EndGlobalSection
	GlobalSection(SolutionProperties) = preSolution
		HideSolutionNode = FALSE
	EndGlobalSection
	GlobalSection(ExtensibilityGlobals) = postSolution
		SolutionGuid = {38E640F8-E8D0-4B85-92B3-1879CB225A66}
	EndGlobalSection
EndGlobal
